
Microsoft Visual Studio Solution File, Format Version 12.00
# Visual Studio Version 16
VisualStudioVersion = 16.0.31005.135
MinimumVisualStudioVersion = 10.0.40219.1
Project("{FAE04EC0-301F-11D3-BF4B-00C04F79EFBC}") = "IntoTheUnknowing", "IntoTheUnknowing.csproj", "{942647CA-3E33-4383-A189-30C6ED1DC497}"
EndProject
Global
	GlobalSection(SolutionConfigurationPlatforms) = preSolution
		Debug|Any CPU = Debug|Any CPU
		Release|Any CPU = Release|Any CPU
	EndGlobalSection
	GlobalSection(ProjectConfigurationPlatforms) = postSolution
		{942647CA-3E33-4383-A189-30C6ED1DC497}.Debug|Any CPU.ActiveCfg = Debug|Any CPU
		{942647CA-3E33-4383-A189-30C6ED1DC497}.Debug|Any CPU.Build.0 = Debug|Any CPU
		{942647CA-3E33-4383-A189-30C6ED1DC497}.Release|Any CPU.ActiveCfg = Release|Any CPU
		{942647CA-3E33-4383-A189-30C6ED1DC497}.Release|Any CPU.Build.0 = Release|Any CPU
	EndGlobalSection
	GlobalSection(SolutionProperties) = preSolution
		HideSolutionNode = FALSE
	EndGlobalSection
	GlobalSection(ExtensibilityGlobals) = postSolution
		SolutionGuid = {8C03A00A-4593-421D-B1CE-8D87448D0A29}
	EndGlobalSection
EndGlobal
